
Microsoft Visual Studio Solution File, Format Version 12.00
# Visual Studio Version 17
VisualStudioVersion = 17.3.32929.385
MinimumVisualStudioVersion = 10.0.40219.1
Project("{FAE04EC0-301F-11D3-BF4B-00C04F79EFBC}") = "WSUniversalLib", "WSUniversalLib.csproj", "{35A2C38C-D526-40FD-BDE6-D47A55612757}"
EndProject
Project("{FAE04EC0-301F-11D3-BF4B-00C04F79EFBC}") = "WSUniversalLibTest", "WSUniversalLibTest\WSUniversalLibTest.csproj", "{74F21201-FF51-4371-9F93-B7E46B27E368}"
EndProject
Global
	GlobalSection(SolutionConfigurationPlatforms) = preSolution
		Debug|Any CPU = Debug|Any CPU
		Release|Any CPU = Release|Any CPU
	EndGlobalSection
	GlobalSection(ProjectConfigurationPlatforms) = postSolution
		{35A2C38C-D526-40FD-BDE6-D47A55612757}.Debug|Any CPU.ActiveCfg = Debug|Any CPU
		{35A2C38C-D526-40FD-BDE6-D47A55612757}.Debug|Any CPU.Build.0 = Debug|Any CPU
		{35A2C38C-D526-40FD-BDE6-D47A55612757}.Release|Any CPU.ActiveCfg = Release|Any CPU
		{35A2C38C-D526-40FD-BDE6-D47A55612757}.Release|Any CPU.Build.0 = Release|Any CPU
		{74F21201-FF51-4371-9F93-B7E46B27E368}.Debug|Any CPU.ActiveCfg = Debug|Any CPU
		{74F21201-FF51-4371-9F93-B7E46B27E368}.Debug|Any CPU.Build.0 = Debug|Any CPU
		{74F21201-FF51-4371-9F93-B7E46B27E368}.Release|Any CPU.ActiveCfg = Release|Any CPU
		{74F21201-FF51-4371-9F93-B7E46B27E368}.Release|Any CPU.Build.0 = Release|Any CPU
	EndGlobalSection
	GlobalSection(SolutionProperties) = preSolution
		HideSolutionNode = FALSE
	EndGlobalSection
	GlobalSection(ExtensibilityGlobals) = postSolution
		SolutionGuid = {2952C84B-9D5F-41E1-A9D9-20852E2EC952}
	EndGlobalSection
EndGlobal
